
Microsoft Visual Studio Solution File, Format Version 12.00
# Visual Studio 14
VisualStudioVersion = 14.0.25420.1
MinimumVisualStudioVersion = 10.0.40219.1
Project("{FAE04EC0-301F-11D3-BF4B-00C04F79EFBC}") = "ContentSystem", "ContentSystem\ContentSystem.csproj", "{8ACC655B-A18B-46C2-825A-1D112326831C}"
EndProject
Project("{2150E333-8FDC-42A3-9474-1A3956D46DE8}") = "UI", "UI", "{EDBEEE42-B40E-4007-9EF2-D5AD7BCFACAB}"
EndProject
Project("{2150E333-8FDC-42A3-9474-1A3956D46DE8}") = "Test", "Test", "{8A2F059D-7B66-4B4B-85E9-9AB4541F8D4F}"
EndProject
Project("{2150E333-8FDC-42A3-9474-1A3956D46DE8}") = "Core", "Core", "{17890E81-9F94-4ECF-BD28-BD5250974308}"
EndProject
Project("{2150E333-8FDC-42A3-9474-1A3956D46DE8}") = "Library", "Library", "{E1180571-1021-499C-A124-4D4EDD7FC468}"
EndProject
Project("{FAE04EC0-301F-11D3-BF4B-00C04F79EFBC}") = "ContentSystem.Core", "ContentSystem.Core\ContentSystem.Core.csproj", "{CBE94E00-B54E-45AC-BB07-5C7C87F693B4}"
EndProject
Project("{FAE04EC0-301F-11D3-BF4B-00C04F79EFBC}") = "ContentSystem.Data", "ContentSystem.Data\ContentSystem.Data.csproj", "{F7D01353-7A78-489B-BB7F-722BBD38FD5F}"
EndProject
Project("{FAE04EC0-301F-11D3-BF4B-00C04F79EFBC}") = "ContentSystem.Domain", "ContentSystem.Domain\ContentSystem.Domain.csproj", "{F871762B-A1F2-407E-8C8C-87E4F3CBC334}"
EndProject
Project("{FAE04EC0-301F-11D3-BF4B-00C04F79EFBC}") = "ContentSystem.Business", "ContentSystem.Business\ContentSystem.Business.csproj", "{7A45A9FE-320A-44F1-AB5F-62D223D18226}"
EndProject
Project("{FAE04EC0-301F-11D3-BF4B-00C04F79EFBC}") = "ContentSystem.IService", "ContentSystem.IService\ContentSystem.IService.csproj", "{55DE62FC-9E16-40A0-BEDA-5EA2D15AFE8D}"
EndProject
Project("{FAE04EC0-301F-11D3-BF4B-00C04F79EFBC}") = "ContentSystem.Service", "ContentSystem.Service\ContentSystem.Service.csproj", "{2209AC3F-90C1-4709-9C93-820888519B4A}"
EndProject
Project("{FAE04EC0-301F-11D3-BF4B-00C04F79EFBC}") = "ContentSystem.Business.Test", "ContentSystem.Business.Test\ContentSystem.Business.Test.csproj", "{1F3C0AF3-498A-40D7-A938-4803EA3AA05F}"
EndProject
Project("{FAE04EC0-301F-11D3-BF4B-00C04F79EFBC}") = "ContentSystem.Api", "ContentSystem.Api\ContentSystem.Api.csproj", "{50096ABC-2201-4BDC-B56A-921B5E86AD68}"
EndProject
Global
	GlobalSection(SolutionConfigurationPlatforms) = preSolution
		Debug|Any CPU = Debug|Any CPU
		Release|Any CPU = Release|Any CPU
	EndGlobalSection
	GlobalSection(ProjectConfigurationPlatforms) = postSolution
		{8ACC655B-A18B-46C2-825A-1D112326831C}.Debug|Any CPU.ActiveCfg = Debug|Any CPU
		{8ACC655B-A18B-46C2-825A-1D112326831C}.Debug|Any CPU.Build.0 = Debug|Any CPU
		{8ACC655B-A18B-46C2-825A-1D112326831C}.Release|Any CPU.ActiveCfg = Release|Any CPU
		{8ACC655B-A18B-46C2-825A-1D112326831C}.Release|Any CPU.Build.0 = Release|Any CPU
		{CBE94E00-B54E-45AC-BB07-5C7C87F693B4}.Debug|Any CPU.ActiveCfg = Debug|Any CPU
		{CBE94E00-B54E-45AC-BB07-5C7C87F693B4}.Debug|Any CPU.Build.0 = Debug|Any CPU
		{CBE94E00-B54E-45AC-BB07-5C7C87F693B4}.Release|Any CPU.ActiveCfg = Release|Any CPU
		{CBE94E00-B54E-45AC-BB07-5C7C87F693B4}.Release|Any CPU.Build.0 = Release|Any CPU
		{F7D01353-7A78-489B-BB7F-722BBD38FD5F}.Debug|Any CPU.ActiveCfg = Debug|Any CPU
		{F7D01353-7A78-489B-BB7F-722BBD38FD5F}.Debug|Any CPU.Build.0 = Debug|Any CPU
		{F7D01353-7A78-489B-BB7F-722BBD38FD5F}.Release|Any CPU.ActiveCfg = Release|Any CPU
		{F7D01353-7A78-489B-BB7F-722BBD38FD5F}.Release|Any CPU.Build.0 = Release|Any CPU
		{F871762B-A1F2-407E-8C8C-87E4F3CBC334}.Debug|Any CPU.ActiveCfg = Debug|Any CPU
		{F871762B-A1F2-407E-8C8C-87E4F3CBC334}.Debug|Any CPU.Build.0 = Debug|Any CPU
		{F871762B-A1F2-407E-8C8C-87E4F3CBC334}.Release|Any CPU.ActiveCfg = Release|Any CPU
		{F871762B-A1F2-407E-8C8C-87E4F3CBC334}.Release|Any CPU.Build.0 = Release|Any CPU
		{7A45A9FE-320A-44F1-AB5F-62D223D18226}.Debug|Any CPU.ActiveCfg = Debug|Any CPU
		{7A45A9FE-320A-44F1-AB5F-62D223D18226}.Debug|Any CPU.Build.0 = Debug|Any CPU
		{7A45A9FE-320A-44F1-AB5F-62D223D18226}.Release|Any CPU.ActiveCfg = Release|Any CPU
		{7A45A9FE-320A-44F1-AB5F-62D223D18226}.Release|Any CPU.Build.0 = Release|Any CPU
		{55DE62FC-9E16-40A0-BEDA-5EA2D15AFE8D}.Debug|Any CPU.ActiveCfg = Debug|Any CPU
		{55DE62FC-9E16-40A0-BEDA-5EA2D15AFE8D}.Debug|Any CPU.Build.0 = Debug|Any CPU
		{55DE62FC-9E16-40A0-BEDA-5EA2D15AFE8D}.Release|Any CPU.ActiveCfg = Release|Any CPU
		{55DE62FC-9E16-40A0-BEDA-5EA2D15AFE8D}.Release|Any CPU.Build.0 = Release|Any CPU
		{2209AC3F-90C1-4709-9C93-820888519B4A}.Debug|Any CPU.ActiveCfg = Debug|Any CPU
		{2209AC3F-90C1-4709-9C93-820888519B4A}.Debug|Any CPU.Build.0 = Debug|Any CPU
		{2209AC3F-90C1-4709-9C93-820888519B4A}.Release|Any CPU.ActiveCfg = Release|Any CPU
		{2209AC3F-90C1-4709-9C93-820888519B4A}.Release|Any CPU.Build.0 = Release|Any CPU
		{1F3C0AF3-498A-40D7-A938-4803EA3AA05F}.Debug|Any CPU.ActiveCfg = Debug|Any CPU
		{1F3C0AF3-498A-40D7-A938-4803EA3AA05F}.Debug|Any CPU.Build.0 = Debug|Any CPU
		{1F3C0AF3-498A-40D7-A938-4803EA3AA05F}.Release|Any CPU.ActiveCfg = Release|Any CPU
		{1F3C0AF3-498A-40D7-A938-4803EA3AA05F}.Release|Any CPU.Build.0 = Release|Any CPU
		{50096ABC-2201-4BDC-B56A-921B5E86AD68}.Debug|Any CPU.ActiveCfg = Debug|Any CPU
		{50096ABC-2201-4BDC-B56A-921B5E86AD68}.Debug|Any CPU.Build.0 = Debug|Any CPU
		{50096ABC-2201-4BDC-B56A-921B5E86AD68}.Release|Any CPU.ActiveCfg = Release|Any CPU
		{50096ABC-2201-4BDC-B56A-921B5E86AD68}.Release|Any CPU.Build.0 = Release|Any CPU
	EndGlobalSection
	GlobalSection(SolutionProperties) = preSolution
		HideSolutionNode = FALSE
	EndGlobalSection
	GlobalSection(NestedProjects) = preSolution
		{8ACC655B-A18B-46C2-825A-1D112326831C} = {EDBEEE42-B40E-4007-9EF2-D5AD7BCFACAB}
		{CBE94E00-B54E-45AC-BB07-5C7C87F693B4} = {17890E81-9F94-4ECF-BD28-BD5250974308}
		{F7D01353-7A78-489B-BB7F-722BBD38FD5F} = {17890E81-9F94-4ECF-BD28-BD5250974308}
		{F871762B-A1F2-407E-8C8C-87E4F3CBC334} = {17890E81-9F94-4ECF-BD28-BD5250974308}
		{7A45A9FE-320A-44F1-AB5F-62D223D18226} = {E1180571-1021-499C-A124-4D4EDD7FC468}
		{55DE62FC-9E16-40A0-BEDA-5EA2D15AFE8D} = {E1180571-1021-499C-A124-4D4EDD7FC468}
		{2209AC3F-90C1-4709-9C93-820888519B4A} = {E1180571-1021-499C-A124-4D4EDD7FC468}
		{1F3C0AF3-498A-40D7-A938-4803EA3AA05F} = {8A2F059D-7B66-4B4B-85E9-9AB4541F8D4F}
		{50096ABC-2201-4BDC-B56A-921B5E86AD68} = {EDBEEE42-B40E-4007-9EF2-D5AD7BCFACAB}
	EndGlobalSection
EndGlobal
